
Microsoft Visual Studio Solution File, Format Version 12.00
# Visual Studio Version 17
VisualStudioVersion = 17.3.32804.467
MinimumVisualStudioVersion = 10.0.40219.1
Project("{FAE04EC0-301F-11D3-BF4B-00C04F79EFBC}") = "PersonalTracking", "PersonalTracking.csproj", "{873F051D-76F1-4FE8-A7AD-4248668450CD}"
EndProject
Project("{FAE04EC0-301F-11D3-BF4B-00C04F79EFBC}") = "BLL", "..\BLL\BLL.csproj", "{D5EF190C-BF83-4FCE-B644-A6CFEFB6E7E1}"
EndProject
Project("{FAE04EC0-301F-11D3-BF4B-00C04F79EFBC}") = "DAL", "..\DAL\DAL.csproj", "{8DB09C4F-E433-4219-B04C-E38166C32DF4}"
EndProject
Global
	GlobalSection(SolutionConfigurationPlatforms) = preSolution
		Debug|Any CPU = Debug|Any CPU
		Release|Any CPU = Release|Any CPU
	EndGlobalSection
	GlobalSection(ProjectConfigurationPlatforms) = postSolution
		{873F051D-76F1-4FE8-A7AD-4248668450CD}.Debug|Any CPU.ActiveCfg = Debug|Any CPU
		{873F051D-76F1-4FE8-A7AD-4248668450CD}.Debug|Any CPU.Build.0 = Debug|Any CPU
		{873F051D-76F1-4FE8-A7AD-4248668450CD}.Release|Any CPU.ActiveCfg = Release|Any CPU
		{873F051D-76F1-4FE8-A7AD-4248668450CD}.Release|Any CPU.Build.0 = Release|Any CPU
		{D5EF190C-BF83-4FCE-B644-A6CFEFB6E7E1}.Debug|Any CPU.ActiveCfg = Debug|Any CPU
		{D5EF190C-BF83-4FCE-B644-A6CFEFB6E7E1}.Debug|Any CPU.Build.0 = Debug|Any CPU
		{D5EF190C-BF83-4FCE-B644-A6CFEFB6E7E1}.Release|Any CPU.ActiveCfg = Release|Any CPU
		{D5EF190C-BF83-4FCE-B644-A6CFEFB6E7E1}.Release|Any CPU.Build.0 = Release|Any CPU
		{8DB09C4F-E433-4219-B04C-E38166C32DF4}.Debug|Any CPU.ActiveCfg = Debug|Any CPU
		{8DB09C4F-E433-4219-B04C-E38166C32DF4}.Debug|Any CPU.Build.0 = Debug|Any CPU
		{8DB09C4F-E433-4219-B04C-E38166C32DF4}.Release|Any CPU.ActiveCfg = Release|Any CPU
		{8DB09C4F-E433-4219-B04C-E38166C32DF4}.Release|Any CPU.Build.0 = Release|Any CPU
	EndGlobalSection
	GlobalSection(SolutionProperties) = preSolution
		HideSolutionNode = FALSE
	EndGlobalSection
	GlobalSection(ExtensibilityGlobals) = postSolution
		SolutionGuid = {91D1891D-62EB-4507-A2F7-45FDB595619C}
	EndGlobalSection
EndGlobal
